
Microsoft Visual Studio Solution File, Format Version 12.00
# Visual Studio 2013
VisualStudioVersion = 12.0.40629.0
MinimumVisualStudioVersion = 10.0.40219.1
Project("{6989167D-11E4-40FE-8C1A-2192A86A7E90}") = "Mr_Reds", "Mr_Reds\Mr_Reds.vfproj", "{F16170EF-F95A-47D6-9743-CD7CBAB3472B}"
EndProject
Project("{6989167D-11E4-40FE-8C1A-2192A86A7E90}") = "Mr_Reds_Average", "Mr_Reds_Average\Mr_Reds_Average.vfproj", "{EF0FF827-D9B6-4C0B-981D-1F37075790B0}"
EndProject
Project("{6989167D-11E4-40FE-8C1A-2192A86A7E90}") = "Mr_Reds_Resample", "Mr_Reds_Resample\Mr_Reds_Resample.vfproj", "{3DF0E435-81F0-4849-AF90-FE26D87C1E9D}"
EndProject
Project("{6989167D-11E4-40FE-8C1A-2192A86A7E90}") = "Mr_Reds_Extend", "Mr_Reds_Extend\Mr_Reds_Extend.vfproj", "{8A387A7B-23FF-4EAD-9367-09EF43EAD0F3}"
EndProject
Project("{6989167D-11E4-40FE-8C1A-2192A86A7E90}") = "Mr_Reds_Scale", "Mr_Reds_Scale\Mr_Reds_Scale.vfproj", "{E0A9AAD2-8D68-4734-8329-A2EF74D9F476}"
EndProject
Project("{6989167D-11E4-40FE-8C1A-2192A86A7E90}") = "SGMeshGen", "SGMeshGen\SGMeshGen.vfproj", "{6BDBDB23-DE13-4A98-8D56-725EBB36F4F5}"
EndProject
Project("{6989167D-11E4-40FE-8C1A-2192A86A7E90}") = "IniBathyGen", "IniBathyGen\IniBathyGen.vfproj", "{879E52F7-2A4E-4DA7-9592-17D293A6EF21}"
EndProject
Global
	GlobalSection(SolutionConfigurationPlatforms) = preSolution
		Debug|Win32 = Debug|Win32
		Release|Win32 = Release|Win32
	EndGlobalSection
	GlobalSection(ProjectConfigurationPlatforms) = postSolution
		{F16170EF-F95A-47D6-9743-CD7CBAB3472B}.Debug|Win32.ActiveCfg = Debug|Win32
		{F16170EF-F95A-47D6-9743-CD7CBAB3472B}.Debug|Win32.Build.0 = Debug|Win32
		{F16170EF-F95A-47D6-9743-CD7CBAB3472B}.Release|Win32.ActiveCfg = Release|Win32
		{F16170EF-F95A-47D6-9743-CD7CBAB3472B}.Release|Win32.Build.0 = Release|Win32
		{EF0FF827-D9B6-4C0B-981D-1F37075790B0}.Debug|Win32.ActiveCfg = Debug|Win32
		{EF0FF827-D9B6-4C0B-981D-1F37075790B0}.Debug|Win32.Build.0 = Debug|Win32
		{EF0FF827-D9B6-4C0B-981D-1F37075790B0}.Release|Win32.ActiveCfg = Release|Win32
		{EF0FF827-D9B6-4C0B-981D-1F37075790B0}.Release|Win32.Build.0 = Release|Win32
		{3DF0E435-81F0-4849-AF90-FE26D87C1E9D}.Debug|Win32.ActiveCfg = Debug|Win32
		{3DF0E435-81F0-4849-AF90-FE26D87C1E9D}.Debug|Win32.Build.0 = Debug|Win32
		{3DF0E435-81F0-4849-AF90-FE26D87C1E9D}.Release|Win32.ActiveCfg = Release|Win32
		{3DF0E435-81F0-4849-AF90-FE26D87C1E9D}.Release|Win32.Build.0 = Release|Win32
		{8A387A7B-23FF-4EAD-9367-09EF43EAD0F3}.Debug|Win32.ActiveCfg = Debug|Win32
		{8A387A7B-23FF-4EAD-9367-09EF43EAD0F3}.Debug|Win32.Build.0 = Debug|Win32
		{8A387A7B-23FF-4EAD-9367-09EF43EAD0F3}.Release|Win32.ActiveCfg = Release|Win32
		{8A387A7B-23FF-4EAD-9367-09EF43EAD0F3}.Release|Win32.Build.0 = Release|Win32
		{E0A9AAD2-8D68-4734-8329-A2EF74D9F476}.Debug|Win32.ActiveCfg = Debug|Win32
		{E0A9AAD2-8D68-4734-8329-A2EF74D9F476}.Debug|Win32.Build.0 = Debug|Win32
		{E0A9AAD2-8D68-4734-8329-A2EF74D9F476}.Release|Win32.ActiveCfg = Release|Win32
		{E0A9AAD2-8D68-4734-8329-A2EF74D9F476}.Release|Win32.Build.0 = Release|Win32
		{6BDBDB23-DE13-4A98-8D56-725EBB36F4F5}.Debug|Win32.ActiveCfg = Debug|Win32
		{6BDBDB23-DE13-4A98-8D56-725EBB36F4F5}.Debug|Win32.Build.0 = Debug|Win32
		{6BDBDB23-DE13-4A98-8D56-725EBB36F4F5}.Release|Win32.ActiveCfg = Release|Win32
		{6BDBDB23-DE13-4A98-8D56-725EBB36F4F5}.Release|Win32.Build.0 = Release|Win32
		{879E52F7-2A4E-4DA7-9592-17D293A6EF21}.Debug|Win32.ActiveCfg = Debug|Win32
		{879E52F7-2A4E-4DA7-9592-17D293A6EF21}.Debug|Win32.Build.0 = Debug|Win32
		{879E52F7-2A4E-4DA7-9592-17D293A6EF21}.Release|Win32.ActiveCfg = Release|Win32
		{879E52F7-2A4E-4DA7-9592-17D293A6EF21}.Release|Win32.Build.0 = Release|Win32
	EndGlobalSection
	GlobalSection(SolutionProperties) = preSolution
		HideSolutionNode = FALSE
	EndGlobalSection
EndGlobal
